// !$*UTF8*$!
{
	archiveVersion = 1;
	classes = {
	};
	objectVersion = 48;
	objects = {

/* Begin PBXBuildFile section */
		515A95BD2065A375007C0DF6 /* AppDelegate.swift in Sources */ = {isa = PBXBuildFile; fileRef = 515A95BC2065A375007C0DF6 /* AppDelegate.swift */; };
		515A95BF2065A375007C0DF6 /* ViewController.swift in Sources */ = {isa = PBXBuildFile; fileRef = 515A95BE2065A375007C0DF6 /* ViewController.swift */; };
		515A95C22065A375007C0DF6 /* Main.storyboard in Resources */ = {isa = PBXBuildFile; fileRef = 515A95C02065A375007C0DF6 /* Main.storyboard */; };
		515A95C42065A375007C0DF6 /* Assets.xcassets in Resources */ = {isa = PBXBuildFile; fileRef = 515A95C32065A375007C0DF6 /* Assets.xcassets */; };
		515A95C72065A375007C0DF6 /* LaunchScreen.storyboard in Resources */ = {isa = PBXBuildFile; fileRef = 515A95C52065A375007C0DF6 /* LaunchScreen.storyboard */; };
		515A95D22065A376007C0DF6 /* VoiceroidClientTests.swift in Sources */ = {isa = PBXBuildFile; fileRef = 515A95D12065A376007C0DF6 /* VoiceroidClientTests.swift */; };
		515A95DD2065A376007C0DF6 /* VoiceroidClientUITests.swift in Sources */ = {isa = PBXBuildFile; fileRef = 515A95DC2065A376007C0DF6 /* VoiceroidClientUITests.swift */; };
		515A95EB2065A59C007C0DF6 /* Request.swift in Sources */ = {isa = PBXBuildFile; fileRef = 515A95EA2065A59C007C0DF6 /* Request.swift */; };
		515A95EE2065A8B5007C0DF6 /* AVFoundation.framework in Frameworks */ = {isa = PBXBuildFile; fileRef = 515A95ED2065A8B5007C0DF6 /* AVFoundation.framework */; };
		515A95FC2065E503007C0DF6 /* Docomo.swift in Sources */ = {isa = PBXBuildFile; fileRef = 515A95FB2065E503007C0DF6 /* Docomo.swift */; };
		515A96002065E5B2007C0DF6 /* Consts.swift in Sources */ = {isa = PBXBuildFile; fileRef = 515A95FF2065E5B2007C0DF6 /* Consts.swift */; };
/* End PBXBuildFile section */

/* Begin PBXContainerItemProxy section */
		515A95CE2065A376007C0DF6 /* PBXContainerItemProxy */ = {
			isa = PBXContainerItemProxy;
			containerPortal = 515A95B12065A375007C0DF6 /* Project object */;
			proxyType = 1;
			remoteGlobalIDString = 515A95B82065A375007C0DF6;
			remoteInfo = VoiceroidClient;
		};
		515A95D92065A376007C0DF6 /* PBXContainerItemProxy */ = {
			isa = PBXContainerItemProxy;
			containerPortal = 515A95B12065A375007C0DF6 /* Project object */;
			proxyType = 1;
			remoteGlobalIDString = 515A95B82065A375007C0DF6;
			remoteInfo = VoiceroidClient;
		};
/* End PBXContainerItemProxy section */

/* Begin PBXFileReference section */
		515A95B92065A375007C0DF6 /* VoiceroidClient.app */ = {isa = PBXFileReference; explicitFileType = wrapper.application; includeInIndex = 0; path = VoiceroidClient.app; sourceTree = BUILT_PRODUCTS_DIR; };
		515A95BC2065A375007C0DF6 /* AppDelegate.swift */ = {isa = PBXFileReference; lastKnownFileType = sourcecode.swift; path = AppDelegate.swift; sourceTree = "<group>"; };
		515A95BE2065A375007C0DF6 /* ViewController.swift */ = {isa = PBXFileReference; lastKnownFileType = sourcecode.swift; path = ViewController.swift; sourceTree = "<group>"; };
		515A95C12065A375007C0DF6 /* Base */ = {isa = PBXFileReference; lastKnownFileType = file.storyboard; name = Base; path = Base.lproj/Main.storyboard; sourceTree = "<group>"; };
		515A95C32065A375007C0DF6 /* Assets.xcassets */ = {isa = PBXFileReference; lastKnownFileType = folder.assetcatalog; path = Assets.xcassets; sourceTree = "<group>"; };
		515A95C62065A375007C0DF6 /* Base */ = {isa = PBXFileReference; lastKnownFileType = file.storyboard; name = Base; path = Base.lproj/LaunchScreen.storyboard; sourceTree = "<group>"; };
		515A95C82065A375007C0DF6 /* Info.plist */ = {isa = PBXFileReference; lastKnownFileType = text.plist.xml; path = Info.plist; sourceTree = "<group>"; };
		515A95CD2065A376007C0DF6 /* VoiceroidClientTests.xctest */ = {isa = PBXFileReference; explicitFileType = wrapper.cfbundle; includeInIndex = 0; path = VoiceroidClientTests.xctest; sourceTree = BUILT_PRODUCTS_DIR; };
		515A95D12065A376007C0DF6 /* VoiceroidClientTests.swift */ = {isa = PBXFileReference; lastKnownFileType = sourcecode.swift; path = VoiceroidClientTests.swift; sourceTree = "<group>"; };
		515A95D32065A376007C0DF6 /* Info.plist */ = {isa = PBXFileReference; lastKnownFileType = text.plist.xml; path = Info.plist; sourceTree = "<group>"; };
		515A95D82065A376007C0DF6 /* VoiceroidClientUITests.xctest */ = {isa = PBXFileReference; explicitFileType = wrapper.cfbundle; includeInIndex = 0; path = VoiceroidClientUITests.xctest; sourceTree = BUILT_PRODUCTS_DIR; };
		515A95DC2065A376007C0DF6 /* VoiceroidClientUITests.swift */ = {isa = PBXFileReference; lastKnownFileType = sourcecode.swift; path = VoiceroidClientUITests.swift; sourceTree = "<group>"; };
		515A95DE2065A376007C0DF6 /* Info.plist */ = {isa = PBXFileReference; lastKnownFileType = text.plist.xml; path = Info.plist; sourceTree = "<group>"; };
		515A95EA2065A59C007C0DF6 /* Request.swift */ = {isa = PBXFileReference; lastKnownFileType = sourcecode.swift; path = Request.swift; sourceTree = "<group>"; };
		515A95ED2065A8B5007C0DF6 /* AVFoundation.framework */ = {isa = PBXFileReference; lastKnownFileType = wrapper.framework; name = AVFoundation.framework; path = System/Library/Frameworks/AVFoundation.framework; sourceTree = SDKROOT; };
		515A95FB2065E503007C0DF6 /* Docomo.swift */ = {isa = PBXFileReference; lastKnownFileType = sourcecode.swift; path = Docomo.swift; sourceTree = "<group>"; };
		515A95FF2065E5B2007C0DF6 /* Consts.swift */ = {isa = PBXFileReference; lastKnownFileType = sourcecode.swift; path = Consts.swift; sourceTree = "<group>"; };
/* End PBXFileReference section */

/* Begin PBXFrameworksBuildPhase section */
		515A95B62065A375007C0DF6 /* Frameworks */ = {
			isa = PBXFrameworksBuildPhase;
			buildActionMask = 2147483647;
			files = (
				515A95EE2065A8B5007C0DF6 /* AVFoundation.framework in Frameworks */,
			);
			runOnlyForDeploymentPostprocessing = 0;
		};
		515A95CA2065A376007C0DF6 /* Frameworks */ = {
			isa = PBXFrameworksBuildPhase;
			buildActionMask = 2147483647;
			files = (
			);
			runOnlyForDeploymentPostprocessing = 0;
		};
		515A95D52065A376007C0DF6 /* Frameworks */ = {
			isa = PBXFrameworksBuildPhase;
			buildActionMask = 2147483647;
			files = (
			);
			runOnlyForDeploymentPostprocessing = 0;
		};
/* End PBXFrameworksBuildPhase section */

/* Begin PBXGroup section */
		515A95B02065A375007C0DF6 = {
			isa = PBXGroup;
			children = (
				515A95BB2065A375007C0DF6 /* VoiceroidClient */,
				515A95D02065A376007C0DF6 /* VoiceroidClientTests */,
				515A95DB2065A376007C0DF6 /* VoiceroidClientUITests */,
				515A95BA2065A375007C0DF6 /* Products */,
				515A95EC2065A8B4007C0DF6 /* Frameworks */,
			);
			sourceTree = "<group>";
		};
		515A95BA2065A375007C0DF6 /* Products */ = {
			isa = PBXGroup;
			children = (
				515A95B92065A375007C0DF6 /* VoiceroidClient.app */,
				515A95CD2065A376007C0DF6 /* VoiceroidClientTests.xctest */,
				515A95D82065A376007C0DF6 /* VoiceroidClientUITests.xctest */,
			);
			name = Products;
			sourceTree = "<group>";
		};
		515A95BB2065A375007C0DF6 /* VoiceroidClient */ = {
			isa = PBXGroup;
			children = (
				515A95FA2065E4EB007C0DF6 /* API */,
				515A95BC2065A375007C0DF6 /* AppDelegate.swift */,
				515A95BE2065A375007C0DF6 /* ViewController.swift */,
				515A95C02065A375007C0DF6 /* Main.storyboard */,
				515A95C32065A375007C0DF6 /* Assets.xcassets */,
				515A95C52065A375007C0DF6 /* LaunchScreen.storyboard */,
				515A95C82065A375007C0DF6 /* Info.plist */,
				515A95EA2065A59C007C0DF6 /* Request.swift */,
				515A95FF2065E5B2007C0DF6 /* Consts.swift */,
			);
			path = VoiceroidClient;
			sourceTree = "<group>";
		};
		515A95D02065A376007C0DF6 /* VoiceroidClientTests */ = {
			isa = PBXGroup;
			children = (
				515A95D12065A376007C0DF6 /* VoiceroidClientTests.swift */,
				515A95D32065A376007C0DF6 /* Info.plist */,
			);
			path = VoiceroidClientTests;
			sourceTree = "<group>";
		};
		515A95DB2065A376007C0DF6 /* VoiceroidClientUITests */ = {
			isa = PBXGroup;
			children = (
				515A95DC2065A376007C0DF6 /* VoiceroidClientUITests.swift */,
				515A95DE2065A376007C0DF6 /* Info.plist */,
			);
			path = VoiceroidClientUITests;
			sourceTree = "<group>";
		};
		515A95EC2065A8B4007C0DF6 /* Frameworks */ = {
			isa = PBXGroup;
			children = (
				515A95ED2065A8B5007C0DF6 /* AVFoundation.framework */,
			);
			name = Frameworks;
			sourceTree = "<group>";
		};
		515A95FA2065E4EB007C0DF6 /* API */ = {
			isa = PBXGroup;
			children = (
				515A95FB2065E503007C0DF6 /* Docomo.swift */,
			);
			path = API;
			sourceTree = "<group>";
		};
/* End PBXGroup section */

/* Begin PBXNativeTarget section */
		515A95B82065A375007C0DF6 /* VoiceroidClient */ = {
			isa = PBXNativeTarget;
			buildConfigurationList = 515A95E12065A376007C0DF6 /* Build configuration list for PBXNativeTarget "VoiceroidClient" */;
			buildPhases = (
				515A95B52065A375007C0DF6 /* Sources */,
				515A95B62065A375007C0DF6 /* Frameworks */,
				515A95B72065A375007C0DF6 /* Resources */,
			);
			buildRules = (
			);
			dependencies = (
			);
			name = VoiceroidClient;
			productName = VoiceroidClient;
			productReference = 515A95B92065A375007C0DF6 /* VoiceroidClient.app */;
			productType = "com.apple.product-type.application";
		};
		515A95CC2065A376007C0DF6 /* VoiceroidClientTests */ = {
			isa = PBXNativeTarget;
			buildConfigurationList = 515A95E42065A376007C0DF6 /* Build configuration list for PBXNativeTarget "VoiceroidClientTests" */;
			buildPhases = (
				515A95C92065A376007C0DF6 /* Sources */,
				515A95CA2065A376007C0DF6 /* Frameworks */,
				515A95CB2065A376007C0DF6 /* Resources */,
			);
			buildRules = (
			);
			dependencies = (
				515A95CF2065A376007C0DF6 /* PBXTargetDependency */,
			);
			name = VoiceroidClientTests;
			productName = VoiceroidClientTests;
			productReference = 515A95CD2065A376007C0DF6 /* VoiceroidClientTests.xctest */;
			productType = "com.apple.product-type.bundle.unit-test";
		};
		515A95D72065A376007C0DF6 /* VoiceroidClientUITests */ = {
			isa = PBXNativeTarget;
			buildConfigurationList = 515A95E72065A376007C0DF6 /* Build configuration list for PBXNativeTarget "VoiceroidClientUITests" */;
			buildPhases = (
				515A95D42065A376007C0DF6 /* Sources */,
				515A95D52065A376007C0DF6 /* Frameworks */,
				515A95D62065A376007C0DF6 /* Resources */,
			);
			buildRules = (
			);
			dependencies = (
				515A95DA2065A376007C0DF6 /* PBXTargetDependency */,
			);
			name = VoiceroidClientUITests;
			productName = VoiceroidClientUITests;
			productReference = 515A95D82065A376007C0DF6 /* VoiceroidClientUITests.xctest */;
			productType = "com.apple.product-type.bundle.ui-testing";
		};
/* End PBXNativeTarget section */

/* Begin PBXProject section */
		515A95B12065A375007C0DF6 /* Project object */ = {
			isa = PBXProject;
			attributes = {
				LastSwiftUpdateCheck = 0920;
				LastUpgradeCheck = 0920;
				ORGANIZATIONNAME = mosin;
				TargetAttributes = {
					515A95B82065A375007C0DF6 = {
						CreatedOnToolsVersion = 9.2;
						ProvisioningStyle = Automatic;
					};
					515A95CC2065A376007C0DF6 = {
						CreatedOnToolsVersion = 9.2;
						ProvisioningStyle = Automatic;
						TestTargetID = 515A95B82065A375007C0DF6;
					};
					515A95D72065A376007C0DF6 = {
						CreatedOnToolsVersion = 9.2;
						ProvisioningStyle = Automatic;
						TestTargetID = 515A95B82065A375007C0DF6;
					};
				};
			};
			buildConfigurationList = 515A95B42065A375007C0DF6 /* Build configuration list for PBXProject "VoiceroidClient" */;
			compatibilityVersion = "Xcode 8.0";
			developmentRegion = en;
			hasScannedForEncodings = 0;
			knownRegions = (
				en,
				Base,
			);
			mainGroup = 515A95B02065A375007C0DF6;
			productRefGroup = 515A95BA2065A375007C0DF6 /* Products */;
			projectDirPath = "";
			projectRoot = "";
			targets = (
				515A95B82065A375007C0DF6 /* VoiceroidClient */,
				515A95CC2065A376007C0DF6 /* VoiceroidClientTests */,
				515A95D72065A376007C0DF6 /* VoiceroidClientUITests */,
			);
		};
/* End PBXProject section */

/* Begin PBXResourcesBuildPhase section */
		515A95B72065A375007C0DF6 /* Resources */ = {
			isa = PBXResourcesBuildPhase;
			buildActionMask = 2147483647;
			files = (
				515A95C72065A375007C0DF6 /* LaunchScreen.storyboard in Resources */,
				515A95C42065A375007C0DF6 /* Assets.xcassets in Resources */,
				515A95C22065A375007C0DF6 /* Main.storyboard in Resources */,
			);
			runOnlyForDeploymentPostprocessing = 0;
		};
		515A95CB2065A376007C0DF6 /* Resources */ = {
			isa = PBXResourcesBuildPhase;
			buildActionMask = 2147483647;
			files = (
			);
			runOnlyForDeploymentPostprocessing = 0;
		};
		515A95D62065A376007C0DF6 /* Resources */ = {
			isa = PBXResourcesBuildPhase;
			buildActionMask = 2147483647;
			files = (
			);
			runOnlyForDeploymentPostprocessing = 0;
		};
/* End PBXResourcesBuildPhase section */

/* Begin PBXSourcesBuildPhase section */
		515A95B52065A375007C0DF6 /* Sources */ = {
			isa = PBXSourcesBuildPhase;
			buildActionMask = 2147483647;
			files = (
				515A95FC2065E503007C0DF6 /* Docomo.swift in Sources */,
				515A96002065E5B2007C0DF6 /* Consts.swift in Sources */,
				515A95BF2065A375007C0DF6 /* ViewController.swift in Sources */,
				515A95EB2065A59C007C0DF6 /* Request.swift in Sources */,
				515A95BD2065A375007C0DF6 /* AppDelegate.swift in Sources */,
			);
			runOnlyForDeploymentPostprocessing = 0;
		};
		515A95C92065A376007C0DF6 /* Sources */ = {
			isa = PBXSourcesBuildPhase;
			buildActionMask = 2147483647;
			files = (
				515A95D22065A376007C0DF6 /* VoiceroidClientTests.swift in Sources */,
			);
			runOnlyForDeploymentPostprocessing = 0;
		};
		515A95D42065A376007C0DF6 /* Sources */ = {
			isa = PBXSourcesBuildPhase;
			buildActionMask = 2147483647;
			files = (
				515A95DD2065A376007C0DF6 /* VoiceroidClientUITests.swift in Sources */,
			);
			runOnlyForDeploymentPostprocessing = 0;
		};
/* End PBXSourcesBuildPhase section */

/* Begin PBXTargetDependency section */
		515A95CF2065A376007C0DF6 /* PBXTargetDependency */ = {
			isa = PBXTargetDependency;
			target = 515A95B82065A375007C0DF6 /* VoiceroidClient */;
			targetProxy = 515A95CE2065A376007C0DF6 /* PBXContainerItemProxy */;
		};
		515A95DA2065A376007C0DF6 /* PBXTargetDependency */ = {
			isa = PBXTargetDependency;
			target = 515A95B82065A375007C0DF6 /* VoiceroidClient */;
			targetProxy = 515A95D92065A376007C0DF6 /* PBXContainerItemProxy */;
		};
/* End PBXTargetDependency section */

/* Begin PBXVariantGroup section */
		515A95C02065A375007C0DF6 /* Main.storyboard */ = {
			isa = PBXVariantGroup;
			children = (
				515A95C12065A375007C0DF6 /* Base */,
			);
			name = Main.storyboard;
			sourceTree = "<group>";
		};
		515A95C52065A375007C0DF6 /* LaunchScreen.storyboard */ = {
			isa = PBXVariantGroup;
			children = (
				515A95C62065A375007C0DF6 /* Base */,
			);
			name = LaunchScreen.storyboard;
			sourceTree = "<group>";
		};
/* End PBXVariantGroup section */

/* Begin XCBuildConfiguration section */
		515A95DF2065A376007C0DF6 /* Debug */ = {
			isa = XCBuildConfiguration;
			buildSettings = {
				ALWAYS_SEARCH_USER_PATHS = NO;
				CLANG_ANALYZER_NONNULL = YES;
				CLANG_ANALYZER_NUMBER_OBJECT_CONVERSION = YES_AGGRESSIVE;
				CLANG_CXX_LANGUAGE_STANDARD = "gnu++14";
				CLANG_CXX_LIBRARY = "libc++";
				CLANG_ENABLE_MODULES = YES;
				CLANG_ENABLE_OBJC_ARC = YES;
				CLANG_WARN_BLOCK_CAPTURE_AUTORELEASING = YES;
				CLANG_WARN_BOOL_CONVERSION = YES;
				CLANG_WARN_COMMA = YES;
				CLANG_WARN_CONSTANT_CONVERSION = YES;
				CLANG_WARN_DIRECT_OBJC_ISA_USAGE = YES_ERROR;
				CLANG_WARN_DOCUMENTATION_COMMENTS = YES;
				CLANG_WARN_EMPTY_BODY = YES;
				CLANG_WARN_ENUM_CONVERSION = YES;
				CLANG_WARN_INFINITE_RECURSION = YES;
				CLANG_WARN_INT_CONVERSION = YES;
				CLANG_WARN_NON_LITERAL_NULL_CONVERSION = YES;
				CLANG_WARN_OBJC_LITERAL_CONVERSION = YES;
				CLANG_WARN_OBJC_ROOT_CLASS = YES_ERROR;
				CLANG_WARN_RANGE_LOOP_ANALYSIS = YES;
				CLANG_WARN_STRICT_PROTOTYPES = YES;
				CLANG_WARN_SUSPICIOUS_MOVE = YES;
				CLANG_WARN_UNGUARDED_AVAILABILITY = YES_AGGRESSIVE;
				CLANG_WARN_UNREACHABLE_CODE = YES;
				CLANG_WARN__DUPLICATE_METHOD_MATCH = YES;
				CODE_SIGN_IDENTITY = "iPhone Developer";
				COPY_PHASE_STRIP = NO;
				DEBUG_INFORMATION_FORMAT = dwarf;
				ENABLE_STRICT_OBJC_MSGSEND = YES;
				ENABLE_TESTABILITY = YES;
				GCC_C_LANGUAGE_STANDARD = gnu11;
				GCC_DYNAMIC_NO_PIC = NO;
				GCC_NO_COMMON_BLOCKS = YES;
				GCC_OPTIMIZATION_LEVEL = 0;
				GCC_PREPROCESSOR_DEFINITIONS = (
					"DEBUG=1",
					"$(inherited)",
				);
				GCC_WARN_64_TO_32_BIT_CONVERSION = YES;
				GCC_WARN_ABOUT_RETURN_TYPE = YES_ERROR;
				GCC_WARN_UNDECLARED_SELECTOR = YES;
				GCC_WARN_UNINITIALIZED_AUTOS = YES_AGGRESSIVE;
				GCC_WARN_UNUSED_FUNCTION = YES;
				GCC_WARN_UNUSED_VARIABLE = YES;
				IPHONEOS_DEPLOYMENT_TARGET = 11.2;
				MTL_ENABLE_DEBUG_INFO = YES;
				ONLY_ACTIVE_ARCH = YES;
				SDKROOT = iphoneos;
				SWIFT_ACTIVE_COMPILATION_CONDITIONS = DEBUG;
				SWIFT_OPTIMIZATION_LEVEL = "-Onone";
			};
			name = Debug;
		};
		515A95E02065A376007C0DF6 /* Release */ = {
			isa = XCBuildConfiguration;
			buildSettings = {
				ALWAYS_SEARCH_USER_PATHS = NO;
				CLANG_ANALYZER_NONNULL = YES;
				CLANG_ANALYZER_NUMBER_OBJECT_CONVERSION = YES_AGGRESSIVE;
				CLANG_CXX_LANGUAGE_STANDARD = "gnu++14";
				CLANG_CXX_LIBRARY = "libc++";
				CLANG_ENABLE_MODULES = YES;
				CLANG_ENABLE_OBJC_ARC = YES;
				CLANG_WARN_BLOCK_CAPTURE_AUTORELEASING = YES;
				CLANG_WARN_BOOL_CONVERSION = YES;
				CLANG_WARN_COMMA = YES;
				CLANG_WARN_CONSTANT_CONVERSION = YES;
				CLANG_WARN_DIRECT_OBJC_ISA_USAGE = YES_ERROR;
				CLANG_WARN_DOCUMENTATION_COMMENTS = YES;
				CLANG_WARN_EMPTY_BODY = YES;
				CLANG_WARN_ENUM_CONVERSION = YES;
				CLANG_WARN_INFINITE_RECURSION = YES;
				CLANG_WARN_INT_CONVERSION = YES;
				CLANG_WARN_NON_LITERAL_NULL_CONVERSION = YES;
				CLANG_WARN_OBJC_LITERAL_CONVERSION = YES;
				CLANG_WARN_OBJC_ROOT_CLASS = YES_ERROR;
				CLANG_WARN_RANGE_LOOP_ANALYSIS = YES;
				CLANG_WARN_STRICT_PROTOTYPES = YES;
				CLANG_WARN_SUSPICIOUS_MOVE = YES;
				CLANG_WARN_UNGUARDED_AVAILABILITY = YES_AGGRESSIVE;
				CLANG_WARN_UNREACHABLE_CODE = YES;
				CLANG_WARN__DUPLICATE_METHOD_MATCH = YES;
				CODE_SIGN_IDENTITY = "iPhone Developer";
				COPY_PHASE_STRIP = NO;
				DEBUG_INFORMATION_FORMAT = "dwarf-with-dsym";
				ENABLE_NS_ASSERTIONS = NO;
				ENABLE_STRICT_OBJC_MSGSEND = YES;
				GCC_C_LANGUAGE_STANDARD = gnu11;
				GCC_NO_COMMON_BLOCKS = YES;
				GCC_WARN_64_TO_32_BIT_CONVERSION = YES;
				GCC_WARN_ABOUT_RETURN_TYPE = YES_ERROR;
				GCC_WARN_UNDECLARED_SELECTOR = YES;
				GCC_WARN_UNINITIALIZED_AUTOS = YES_AGGRESSIVE;
				GCC_WARN_UNUSED_FUNCTION = YES;
				GCC_WARN_UNUSED_VARIABLE = YES;
				IPHONEOS_DEPLOYMENT_TARGET = 11.2;
				MTL_ENABLE_DEBUG_INFO = NO;
				SDKROOT = iphoneos;
				SWIFT_OPTIMIZATION_LEVEL = "-Owholemodule";
				VALIDATE_PRODUCT = YES;
			};
			name = Release;
		};
		515A95E22065A376007C0DF6 /* Debug */ = {
			isa = XCBuildConfiguration;
			buildSettings = {
				ASSETCATALOG_COMPILER_APPICON_NAME = AppIcon;
				CODE_SIGN_STYLE = Automatic;
				DEVELOPMENT_TEAM = B826USK72A;
				INFOPLIST_FILE = VoiceroidClient/Info.plist;
				LD_RUNPATH_SEARCH_PATHS = "$(inherited) @executable_path/Frameworks";
				PRODUCT_BUNDLE_IDENTIFIER = mosin.jp.VoiceroidClient;
				PRODUCT_NAME = "$(TARGET_NAME)";
				SWIFT_VERSION = 4.0;
				TARGETED_DEVICE_FAMILY = "1,2";
			};
			name = Debug;
		};
		515A95E32065A376007C0DF6 /* Release */ = {
			isa = XCBuildConfiguration;
			buildSettings = {
				ASSETCATALOG_COMPILER_APPICON_NAME = AppIcon;
				CODE_SIGN_STYLE = Automatic;
				DEVELOPMENT_TEAM = B826USK72A;
				INFOPLIST_FILE = VoiceroidClient/Info.plist;
				LD_RUNPATH_SEARCH_PATHS = "$(inherited) @executable_path/Frameworks";
				PRODUCT_BUNDLE_IDENTIFIER = mosin.jp.VoiceroidClient;
				PRODUCT_NAME = "$(TARGET_NAME)";
				SWIFT_VERSION = 4.0;
				TARGETED_DEVICE_FAMILY = "1,2";
			};
			name = Release;
		};
		515A95E52065A376007C0DF6 /* Debug */ = {
			isa = XCBuildConfiguration;
			buildSettings = {
				ALWAYS_EMBED_SWIFT_STANDARD_LIBRARIES = YES;
				BUNDLE_LOADER = "$(TEST_HOST)";
				CODE_SIGN_STYLE = Automatic;
				DEVELOPMENT_TEAM = B826USK72A;
				INFOPLIST_FILE = VoiceroidClientTests/Info.plist;
				LD_RUNPATH_SEARCH_PATHS = "$(inherited) @executable_path/Frameworks @loader_path/Frameworks";
				PRODUCT_BUNDLE_IDENTIFIER = mosin.jp.VoiceroidClientTests;
				PRODUCT_NAME = "$(TARGET_NAME)";
				SWIFT_VERSION = 4.0;
				TARGETED_DEVICE_FAMILY = "1,2";
				TEST_HOST = "$(BUILT_PRODUCTS_DIR)/VoiceroidClient.app/VoiceroidClient";
			};
			name = Debug;
		};
		515A95E62065A376007C0DF6 /* Release */ = {
			isa = XCBuildConfiguration;
			buildSettings = {
				ALWAYS_EMBED_SWIFT_STANDARD_LIBRARIES = YES;
				BUNDLE_LOADER = "$(TEST_HOST)";
				CODE_SIGN_STYLE = Automatic;
				DEVELOPMENT_TEAM = B826USK72A;
				INFOPLIST_FILE = VoiceroidClientTests/Info.plist;
				LD_RUNPATH_SEARCH_PATHS = "$(inherited) @executable_path/Frameworks @loader_path/Frameworks";
				PRODUCT_BUNDLE_IDENTIFIER = mosin.jp.VoiceroidClientTests;
				PRODUCT_NAME = "$(TARGET_NAME)";
				SWIFT_VERSION = 4.0;
				TARGETED_DEVICE_FAMILY = "1,2";
				TEST_HOST = "$(BUILT_PRODUCTS_DIR)/VoiceroidClient.app/VoiceroidClient";
			};
			name = Release;
		};
		515A95E82065A376007C0DF6 /* Debug */ = {
			isa = XCBuildConfiguration;
			buildSettings = {
				ALWAYS_EMBED_SWIFT_STANDARD_LIBRARIES = YES;
				CODE_SIGN_STYLE = Automatic;
				DEVELOPMENT_TEAM = B826USK72A;
				INFOPLIST_FILE = VoiceroidClientUITests/Info.plist;
				LD_RUNPATH_SEARCH_PATHS = "$(inherited) @executable_path/Frameworks @loader_path/Frameworks";
				PRODUCT_BUNDLE_IDENTIFIER = mosin.jp.VoiceroidClientUITests;
				PRODUCT_NAME = "$(TARGET_NAME)";
				SWIFT_VERSION = 4.0;
				TARGETED_DEVICE_FAMILY = "1,2";
				TEST_TARGET_NAME = VoiceroidClient;
			};
			name = Debug;
		};
		515A95E92065A376007C0DF6 /* Release */ = {
			isa = XCBuildConfiguration;
			buildSettings = {
				ALWAYS_EMBED_SWIFT_STANDARD_LIBRARIES = YES;
				CODE_SIGN_STYLE = Automatic;
				DEVELOPMENT_TEAM = B826USK72A;
				INFOPLIST_FILE = VoiceroidClientUITests/Info.plist;
				LD_RUNPATH_SEARCH_PATHS = "$(inherited) @executable_path/Frameworks @loader_path/Frameworks";
				PRODUCT_BUNDLE_IDENTIFIER = mosin.jp.VoiceroidClientUITests;
				PRODUCT_NAME = "$(TARGET_NAME)";
				SWIFT_VERSION = 4.0;
				TARGETED_DEVICE_FAMILY = "1,2";
				TEST_TARGET_NAME = VoiceroidClient;
			};
			name = Release;
		};
/* End XCBuildConfiguration section */

/* Begin XCConfigurationList section */
		515A95B42065A375007C0DF6 /* Build configuration list for PBXProject "VoiceroidClient" */ = {
			isa = XCConfigurationList;
			buildConfigurations = (
				515A95DF2065A376007C0DF6 /* Debug */,
				515A95E02065A376007C0DF6 /* Release */,
			);
			defaultConfigurationIsVisible = 0;
			defaultConfigurationName = Release;
		};
		515A95E12065A376007C0DF6 /* Build configuration list for PBXNativeTarget "VoiceroidClient" */ = {
			isa = XCConfigurationList;
			buildConfigurations = (
				515A95E22065A376007C0DF6 /* Debug */,
				515A95E32065A376007C0DF6 /* Release */,
			);
			defaultConfigurationIsVisible = 0;
			defaultConfigurationName = Release;
		};
		515A95E42065A376007C0DF6 /* Build configuration list for PBXNativeTarget "VoiceroidClientTests" */ = {
			isa = XCConfigurationList;
			buildConfigurations = (
				515A95E52065A376007C0DF6 /* Debug */,
				515A95E62065A376007C0DF6 /* Release */,
			);
			defaultConfigurationIsVisible = 0;
			defaultConfigurationName = Release;
		};
		515A95E72065A376007C0DF6 /* Build configuration list for PBXNativeTarget "VoiceroidClientUITests" */ = {
			isa = XCConfigurationList;
			buildConfigurations = (
				515A95E82065A376007C0DF6 /* Debug */,
				515A95E92065A376007C0DF6 /* Release */,
			);
			defaultConfigurationIsVisible = 0;
			defaultConfigurationName = Release;
		};
/* End XCConfigurationList section */
	};
	rootObject = 515A95B12065A375007C0DF6 /* Project object */;
}
